
Microsoft Visual Studio Solution File, Format Version 12.00
# Visual Studio Version 16
VisualStudioVersion = 25.0.1706.13
MinimumVisualStudioVersion = 10.0.40219.1
Project("{FAE04EC0-301F-11D3-BF4B-00C04F79EFBC}") = "LinqExcercise", "LinqExcercise.csproj", "{848ADC97-D19B-4F58-A4AC-8761B1F68803}"
EndProject
Global
	GlobalSection(SolutionConfigurationPlatforms) = preSolution
		Debug|Any CPU = Debug|Any CPU
		Release|Any CPU = Release|Any CPU
	EndGlobalSection
	GlobalSection(ProjectConfigurationPlatforms) = postSolution
		{848ADC97-D19B-4F58-A4AC-8761B1F68803}.Debug|Any CPU.ActiveCfg = Debug|Any CPU
		{848ADC97-D19B-4F58-A4AC-8761B1F68803}.Debug|Any CPU.Build.0 = Debug|Any CPU
		{848ADC97-D19B-4F58-A4AC-8761B1F68803}.Release|Any CPU.ActiveCfg = Release|Any CPU
		{848ADC97-D19B-4F58-A4AC-8761B1F68803}.Release|Any CPU.Build.0 = Release|Any CPU
	EndGlobalSection
	GlobalSection(SolutionProperties) = preSolution
		HideSolutionNode = FALSE
	EndGlobalSection
	GlobalSection(ExtensibilityGlobals) = postSolution
		SolutionGuid = {0D933DD7-0E17-4EA6-8913-3D767DF7B40B}
	EndGlobalSection
EndGlobal
